
Microsoft Visual Studio Solution File, Format Version 12.00
# Visual Studio 14
VisualStudioVersion = 14.0.25420.1
MinimumVisualStudioVersion = 10.0.40219.1
Project("{FAE04EC0-301F-11D3-BF4B-00C04F79EFBC}") = "JQ", "JQ\JQ.csproj", "{4F5AAC66-E256-4D06-8BDF-8782F5FA687A}"
EndProject
Project("{FAE04EC0-301F-11D3-BF4B-00C04F79EFBC}") = "JQ.Redis", "JQ.Redis\JQ.Redis.csproj", "{02EBE948-6720-4126-81B6-D8B6FA962DD0}"
EndProject
Project("{FAE04EC0-301F-11D3-BF4B-00C04F79EFBC}") = "JQ.MongoDb", "JQ.MongoDb\JQ.MongoDb.csproj", "{A710B969-F6D3-4C1E-B3F9-5D9C82CC56F0}"
EndProject
Project("{FAE04EC0-301F-11D3-BF4B-00C04F79EFBC}") = "JQ.DataAccess", "JQ.DataAccess\JQ.DataAccess.csproj", "{2756B9EE-E783-42C6-9793-6731E5726E05}"
EndProject
Project("{2150E333-8FDC-42A3-9474-1A3956D46DE8}") = "5_Infrastructure", "5_Infrastructure", "{C7CCFDA5-D107-41CB-A224-E2E9DB2EA3A9}"
EndProject
Project("{2150E333-8FDC-42A3-9474-1A3956D46DE8}") = "0_Presentation", "0_Presentation", "{DEB48B37-82EE-49A8-BEA8-20181390456D}"
EndProject
Project("{2150E333-8FDC-42A3-9474-1A3956D46DE8}") = "1_Application", "1_Application", "{3D66E35D-A583-4039-A542-B84D1348DF32}"
EndProject
Project("{2150E333-8FDC-42A3-9474-1A3956D46DE8}") = "2_Domain", "2_Domain", "{D2CB10DD-4F55-4845-90AE-C1A61DA9C296}"
EndProject
Project("{FAE04EC0-301F-11D3-BF4B-00C04F79EFBC}") = "JQ.Web.Tool", "JQ.Web.Tool\JQ.Web.Tool.csproj", "{2E8E5769-8271-4910-8EC8-E60B70ED92A1}"
EndProject
Project("{FAE04EC0-301F-11D3-BF4B-00C04F79EFBC}") = "JQ.MQ", "JQ.MQ\JQ.MQ.csproj", "{753B7793-A43E-49E0-9CC4-AA29A94CFEB7}"
EndProject
Project("{FAE04EC0-301F-11D3-BF4B-00C04F79EFBC}") = "Monitor.AdminManage", "Monitor.AdminManage\Monitor.AdminManage.csproj", "{B77EA972-A520-43EC-AC79-3A5645FBD2CF}"
EndProject
Project("{2150E333-8FDC-42A3-9474-1A3956D46DE8}") = "6_JQ", "6_JQ", "{E2D9E87A-A6A3-4C0A-B895-A8FD80F0F984}"
EndProject
Project("{FAE04EC0-301F-11D3-BF4B-00C04F79EFBC}") = "Monitor.Domain", "Monitor.Domain\Monitor.Domain.csproj", "{C4727257-EAD3-4725-B43B-0CE9E54DA3DB}"
EndProject
Project("{FAE04EC0-301F-11D3-BF4B-00C04F79EFBC}") = "Monitor.Domain.IRepository", "Monitor.Domain.IRepository\Monitor.Domain.IRepository.csproj", "{31E20CB0-218C-4CB2-B6A0-4EC335BD3A28}"
EndProject
Project("{FAE04EC0-301F-11D3-BF4B-00C04F79EFBC}") = "Monitor.Domain.Repository", "Monitor.Domain.Repository\Monitor.Domain.Repository.csproj", "{17A659F2-F050-4549-AE46-C6D2848525D1}"
EndProject
Project("{FAE04EC0-301F-11D3-BF4B-00C04F79EFBC}") = "Monitor.Domain.IDomainServer", "Monitor.Domain.IDomainServer\Monitor.Domain.IDomainServer.csproj", "{52E416BA-3325-44CD-B1FD-BD7472565B65}"
EndProject
Project("{FAE04EC0-301F-11D3-BF4B-00C04F79EFBC}") = "Monitor.Domain.DomainServer", "Monitor.Domain.DomainServer\Monitor.Domain.DomainServer.csproj", "{65B32FEF-76BB-4281-B881-05C36C4AFF53}"
EndProject
Project("{FAE04EC0-301F-11D3-BF4B-00C04F79EFBC}") = "Monitor.Infrastructure", "Monitor.Infrastructure\Monitor.Infrastructure.csproj", "{60B04982-CF40-4D1F-AADA-2CB6C11C9896}"
EndProject
Global
	GlobalSection(SolutionConfigurationPlatforms) = preSolution
		Debug|Any CPU = Debug|Any CPU
		Release|Any CPU = Release|Any CPU
	EndGlobalSection
	GlobalSection(ProjectConfigurationPlatforms) = postSolution
		{4F5AAC66-E256-4D06-8BDF-8782F5FA687A}.Debug|Any CPU.ActiveCfg = Debug|Any CPU
		{4F5AAC66-E256-4D06-8BDF-8782F5FA687A}.Debug|Any CPU.Build.0 = Debug|Any CPU
		{4F5AAC66-E256-4D06-8BDF-8782F5FA687A}.Release|Any CPU.ActiveCfg = Release|Any CPU
		{4F5AAC66-E256-4D06-8BDF-8782F5FA687A}.Release|Any CPU.Build.0 = Release|Any CPU
		{02EBE948-6720-4126-81B6-D8B6FA962DD0}.Debug|Any CPU.ActiveCfg = Debug|Any CPU
		{02EBE948-6720-4126-81B6-D8B6FA962DD0}.Debug|Any CPU.Build.0 = Debug|Any CPU
		{02EBE948-6720-4126-81B6-D8B6FA962DD0}.Release|Any CPU.ActiveCfg = Release|Any CPU
		{02EBE948-6720-4126-81B6-D8B6FA962DD0}.Release|Any CPU.Build.0 = Release|Any CPU
		{A710B969-F6D3-4C1E-B3F9-5D9C82CC56F0}.Debug|Any CPU.ActiveCfg = Debug|Any CPU
		{A710B969-F6D3-4C1E-B3F9-5D9C82CC56F0}.Debug|Any CPU.Build.0 = Debug|Any CPU
		{A710B969-F6D3-4C1E-B3F9-5D9C82CC56F0}.Release|Any CPU.ActiveCfg = Release|Any CPU
		{A710B969-F6D3-4C1E-B3F9-5D9C82CC56F0}.Release|Any CPU.Build.0 = Release|Any CPU
		{2756B9EE-E783-42C6-9793-6731E5726E05}.Debug|Any CPU.ActiveCfg = Debug|Any CPU
		{2756B9EE-E783-42C6-9793-6731E5726E05}.Debug|Any CPU.Build.0 = Debug|Any CPU
		{2756B9EE-E783-42C6-9793-6731E5726E05}.Release|Any CPU.ActiveCfg = Release|Any CPU
		{2756B9EE-E783-42C6-9793-6731E5726E05}.Release|Any CPU.Build.0 = Release|Any CPU
		{2E8E5769-8271-4910-8EC8-E60B70ED92A1}.Debug|Any CPU.ActiveCfg = Debug|Any CPU
		{2E8E5769-8271-4910-8EC8-E60B70ED92A1}.Debug|Any CPU.Build.0 = Debug|Any CPU
		{2E8E5769-8271-4910-8EC8-E60B70ED92A1}.Release|Any CPU.ActiveCfg = Release|Any CPU
		{2E8E5769-8271-4910-8EC8-E60B70ED92A1}.Release|Any CPU.Build.0 = Release|Any CPU
		{753B7793-A43E-49E0-9CC4-AA29A94CFEB7}.Debug|Any CPU.ActiveCfg = Debug|Any CPU
		{753B7793-A43E-49E0-9CC4-AA29A94CFEB7}.Debug|Any CPU.Build.0 = Debug|Any CPU
		{753B7793-A43E-49E0-9CC4-AA29A94CFEB7}.Release|Any CPU.ActiveCfg = Release|Any CPU
		{753B7793-A43E-49E0-9CC4-AA29A94CFEB7}.Release|Any CPU.Build.0 = Release|Any CPU
		{B77EA972-A520-43EC-AC79-3A5645FBD2CF}.Debug|Any CPU.ActiveCfg = Debug|Any CPU
		{B77EA972-A520-43EC-AC79-3A5645FBD2CF}.Debug|Any CPU.Build.0 = Debug|Any CPU
		{B77EA972-A520-43EC-AC79-3A5645FBD2CF}.Release|Any CPU.ActiveCfg = Release|Any CPU
		{B77EA972-A520-43EC-AC79-3A5645FBD2CF}.Release|Any CPU.Build.0 = Release|Any CPU
		{C4727257-EAD3-4725-B43B-0CE9E54DA3DB}.Debug|Any CPU.ActiveCfg = Debug|Any CPU
		{C4727257-EAD3-4725-B43B-0CE9E54DA3DB}.Debug|Any CPU.Build.0 = Debug|Any CPU
		{C4727257-EAD3-4725-B43B-0CE9E54DA3DB}.Release|Any CPU.ActiveCfg = Release|Any CPU
		{C4727257-EAD3-4725-B43B-0CE9E54DA3DB}.Release|Any CPU.Build.0 = Release|Any CPU
		{31E20CB0-218C-4CB2-B6A0-4EC335BD3A28}.Debug|Any CPU.ActiveCfg = Debug|Any CPU
		{31E20CB0-218C-4CB2-B6A0-4EC335BD3A28}.Debug|Any CPU.Build.0 = Debug|Any CPU
		{31E20CB0-218C-4CB2-B6A0-4EC335BD3A28}.Release|Any CPU.ActiveCfg = Release|Any CPU
		{31E20CB0-218C-4CB2-B6A0-4EC335BD3A28}.Release|Any CPU.Build.0 = Release|Any CPU
		{17A659F2-F050-4549-AE46-C6D2848525D1}.Debug|Any CPU.ActiveCfg = Debug|Any CPU
		{17A659F2-F050-4549-AE46-C6D2848525D1}.Debug|Any CPU.Build.0 = Debug|Any CPU
		{17A659F2-F050-4549-AE46-C6D2848525D1}.Release|Any CPU.ActiveCfg = Release|Any CPU
		{17A659F2-F050-4549-AE46-C6D2848525D1}.Release|Any CPU.Build.0 = Release|Any CPU
		{52E416BA-3325-44CD-B1FD-BD7472565B65}.Debug|Any CPU.ActiveCfg = Debug|Any CPU
		{52E416BA-3325-44CD-B1FD-BD7472565B65}.Debug|Any CPU.Build.0 = Debug|Any CPU
		{52E416BA-3325-44CD-B1FD-BD7472565B65}.Release|Any CPU.ActiveCfg = Release|Any CPU
		{52E416BA-3325-44CD-B1FD-BD7472565B65}.Release|Any CPU.Build.0 = Release|Any CPU
		{65B32FEF-76BB-4281-B881-05C36C4AFF53}.Debug|Any CPU.ActiveCfg = Debug|Any CPU
		{65B32FEF-76BB-4281-B881-05C36C4AFF53}.Debug|Any CPU.Build.0 = Debug|Any CPU
		{65B32FEF-76BB-4281-B881-05C36C4AFF53}.Release|Any CPU.ActiveCfg = Release|Any CPU
		{65B32FEF-76BB-4281-B881-05C36C4AFF53}.Release|Any CPU.Build.0 = Release|Any CPU
		{60B04982-CF40-4D1F-AADA-2CB6C11C9896}.Debug|Any CPU.ActiveCfg = Debug|Any CPU
		{60B04982-CF40-4D1F-AADA-2CB6C11C9896}.Debug|Any CPU.Build.0 = Debug|Any CPU
		{60B04982-CF40-4D1F-AADA-2CB6C11C9896}.Release|Any CPU.ActiveCfg = Release|Any CPU
		{60B04982-CF40-4D1F-AADA-2CB6C11C9896}.Release|Any CPU.Build.0 = Release|Any CPU
	EndGlobalSection
	GlobalSection(SolutionProperties) = preSolution
		HideSolutionNode = FALSE
	EndGlobalSection
	GlobalSection(NestedProjects) = preSolution
		{4F5AAC66-E256-4D06-8BDF-8782F5FA687A} = {E2D9E87A-A6A3-4C0A-B895-A8FD80F0F984}
		{02EBE948-6720-4126-81B6-D8B6FA962DD0} = {E2D9E87A-A6A3-4C0A-B895-A8FD80F0F984}
		{A710B969-F6D3-4C1E-B3F9-5D9C82CC56F0} = {E2D9E87A-A6A3-4C0A-B895-A8FD80F0F984}
		{2756B9EE-E783-42C6-9793-6731E5726E05} = {E2D9E87A-A6A3-4C0A-B895-A8FD80F0F984}
		{2E8E5769-8271-4910-8EC8-E60B70ED92A1} = {E2D9E87A-A6A3-4C0A-B895-A8FD80F0F984}
		{753B7793-A43E-49E0-9CC4-AA29A94CFEB7} = {E2D9E87A-A6A3-4C0A-B895-A8FD80F0F984}
		{B77EA972-A520-43EC-AC79-3A5645FBD2CF} = {DEB48B37-82EE-49A8-BEA8-20181390456D}
		{C4727257-EAD3-4725-B43B-0CE9E54DA3DB} = {D2CB10DD-4F55-4845-90AE-C1A61DA9C296}
		{31E20CB0-218C-4CB2-B6A0-4EC335BD3A28} = {D2CB10DD-4F55-4845-90AE-C1A61DA9C296}
		{17A659F2-F050-4549-AE46-C6D2848525D1} = {C7CCFDA5-D107-41CB-A224-E2E9DB2EA3A9}
		{52E416BA-3325-44CD-B1FD-BD7472565B65} = {D2CB10DD-4F55-4845-90AE-C1A61DA9C296}
		{65B32FEF-76BB-4281-B881-05C36C4AFF53} = {C7CCFDA5-D107-41CB-A224-E2E9DB2EA3A9}
		{60B04982-CF40-4D1F-AADA-2CB6C11C9896} = {C7CCFDA5-D107-41CB-A224-E2E9DB2EA3A9}
	EndGlobalSection
EndGlobal
